
Microsoft Visual Studio Solution File, Format Version 12.00
# Visual Studio Version 16
VisualStudioVersion = 16.0.30523.141
MinimumVisualStudioVersion = 10.0.40219.1
Project("{FAE04EC0-301F-11D3-BF4B-00C04F79EFBC}") = "VibrantVoluntaire3", "VibrantVoluntaire3.csproj", "{4FD0B948-D0BA-41B8-858F-91023CE42A5F}"
EndProject
Global
	GlobalSection(SolutionConfigurationPlatforms) = preSolution
		Debug|Any CPU = Debug|Any CPU
		Release|Any CPU = Release|Any CPU
	EndGlobalSection
	GlobalSection(ProjectConfigurationPlatforms) = postSolution
		{4FD0B948-D0BA-41B8-858F-91023CE42A5F}.Debug|Any CPU.ActiveCfg = Debug|Any CPU
		{4FD0B948-D0BA-41B8-858F-91023CE42A5F}.Debug|Any CPU.Build.0 = Debug|Any CPU
		{4FD0B948-D0BA-41B8-858F-91023CE42A5F}.Release|Any CPU.ActiveCfg = Release|Any CPU
		{4FD0B948-D0BA-41B8-858F-91023CE42A5F}.Release|Any CPU.Build.0 = Release|Any CPU
	EndGlobalSection
	GlobalSection(SolutionProperties) = preSolution
		HideSolutionNode = FALSE
	EndGlobalSection
	GlobalSection(ExtensibilityGlobals) = postSolution
		SolutionGuid = {90444064-CF0A-49EA-98C9-ECD0C2975844}
	EndGlobalSection
EndGlobal
